<?xml version="1.0" encoding="utf-8"?>
<Project ToolsVersion="4.0" xmlns="http://schemas.microsoft.com/developer/msbuild/2003">
  <ItemGroup>
    <Filter Include="assets">
      <UniqueIdentifier>{583885F2-44DA-AFC8-2D95-C31C19D63619}</UniqueIdentifier>
    </Filter>
    <Filter Include="assets\Shaders">
      <UniqueIdentifier>{3135E839-1D03-DC3F-0697-4C66F203B8A4}</UniqueIdentifier>
    </Filter>
    <Filter Include="src">
      <UniqueIdentifier>{2DAB880B-99B4-887C-2230-9F7C8E38947C}</UniqueIdentifier>
    </Filter>
    <Filter Include="src\Layers">
      <UniqueIdentifier>{4C4DA51D-3805-E76A-A10C-C0C68DE3815B}</UniqueIdentifier>
    </Filter>
  </ItemGroup>
  <ItemGroup>
    <ClInclude Include="src\Layers\Sandbox2D.h">
      <Filter>src\Layers</Filter>
    </ClInclude>
  </ItemGroup>
  <ItemGroup>
    <ClCompile Include="src\Layers\Sandbox2D.cpp">
      <Filter>src\Layers</Filter>
    </ClCompile>
    <ClCompile Include="src\SandboxApp.cpp">
      <Filter>src</Filter>
    </ClCompile>
  </ItemGroup>
  <ItemGroup>
    <None Include="assets\Shaders\Basic.glsl">
      <Filter>assets\Shaders</Filter>
    </None>
    <None Include="assets\Shaders\SolidColor.glsl">
      <Filter>assets\Shaders</Filter>
    </None>
    <None Include="assets\Shaders\Texture.glsl">
      <Filter>assets\Shaders</Filter>
    </None>
  </ItemGroup>
</Project>