<?xml version="1.0" encoding="utf-8"?>
<Project ToolsVersion="4.0" xmlns="http://schemas.microsoft.com/developer/msbuild/2003">
  <ItemGroup>
    <Filter Include="Platform">
      <UniqueIdentifier>{2AC788B4-1694-E3BF-3FAD-D1672BD9184E}</UniqueIdentifier>
    </Filter>
    <Filter Include="Platform\Windows">
      <UniqueIdentifier>{64FBD71A-50F4-F66C-7926-DCF1657ED678}</UniqueIdentifier>
    </Filter>
    <Filter Include="Spotlight">
      <UniqueIdentifier>{43BF368A-AF29-EB00-F867-9CA66411C955}</UniqueIdentifier>
    </Filter>
    <Filter Include="Spotlight\Core">
      <UniqueIdentifier>{7BE50885-67B3-FC8A-5047-6DB13CB4D8EF}</UniqueIdentifier>
    </Filter>
    <Filter Include="Spotlight\Events">
      <UniqueIdentifier>{C741FAEF-B33A-1942-DC6C-FEC6C8C4F84D}</UniqueIdentifier>
    </Filter>
  </ItemGroup>
  <ItemGroup>
    <ClInclude Include="src\Platform\Windows\WinInput.h">
      <Filter>Platform\Windows</Filter>
    </ClInclude>
    <ClInclude Include="src\Platform\Windows\WinWindow.h">
      <Filter>Platform\Windows</Filter>
    </ClInclude>
    <ClInclude Include="src\Spotlight.h" />
    <ClInclude Include="src\Spotlight\Core\Application.h">
      <Filter>Spotlight\Core</Filter>
    </ClInclude>
    <ClInclude Include="src\Spotlight\Core\Core.h">
      <Filter>Spotlight\Core</Filter>
    </ClInclude>
    <ClInclude Include="src\Spotlight\Core\EntryPoint.h">
      <Filter>Spotlight\Core</Filter>
    </ClInclude>
    <ClInclude Include="src\Spotlight\Core\Input.h">
      <Filter>Spotlight\Core</Filter>
    </ClInclude>
    <ClInclude Include="src\Spotlight\Core\KeyCodes.h">
      <Filter>Spotlight\Core</Filter>
    </ClInclude>
    <ClInclude Include="src\Spotlight\Core\Layer.h">
      <Filter>Spotlight\Core</Filter>
    </ClInclude>
    <ClInclude Include="src\Spotlight\Core\LayerStack.h">
      <Filter>Spotlight\Core</Filter>
    </ClInclude>
    <ClInclude Include="src\Spotlight\Core\Log.h">
      <Filter>Spotlight\Core</Filter>
    </ClInclude>
    <ClInclude Include="src\Spotlight\Core\MouseButtonCodes.h">
      <Filter>Spotlight\Core</Filter>
    </ClInclude>
    <ClInclude Include="src\Spotlight\Core\Window.h">
      <Filter>Spotlight\Core</Filter>
    </ClInclude>
    <ClInclude Include="src\Spotlight\Events\AppEvent.h">
      <Filter>Spotlight\Events</Filter>
    </ClInclude>
    <ClInclude Include="src\Spotlight\Events\Event.h">
      <Filter>Spotlight\Events</Filter>
    </ClInclude>
    <ClInclude Include="src\Spotlight\Events\KeyEvent.h">
      <Filter>Spotlight\Events</Filter>
    </ClInclude>
    <ClInclude Include="src\Spotlight\Events\MouseEvent.h">
      <Filter>Spotlight\Events</Filter>
    </ClInclude>
    <ClInclude Include="src\splpch.h" />
    <ClInclude Include="src\Spotlight\ImGui\Layer_ImGui.h" />
    <ClInclude Include="src\Platform\OpenGL\ImGuiOpenGLRenderer.h" />
  </ItemGroup>
  <ItemGroup>
    <ClCompile Include="src\Platform\Windows\WinInput.cpp">
      <Filter>Platform\Windows</Filter>
    </ClCompile>
    <ClCompile Include="src\Platform\Windows\WinWindow.cpp">
      <Filter>Platform\Windows</Filter>
    </ClCompile>
    <ClCompile Include="src\Spotlight\Core\Application.cpp">
      <Filter>Spotlight\Core</Filter>
    </ClCompile>
    <ClCompile Include="src\Spotlight\Core\Layer.cpp">
      <Filter>Spotlight\Core</Filter>
    </ClCompile>
    <ClCompile Include="src\Spotlight\Core\LayerStack.cpp">
      <Filter>Spotlight\Core</Filter>
    </ClCompile>
    <ClCompile Include="src\Spotlight\Core\Log.cpp">
      <Filter>Spotlight\Core</Filter>
    </ClCompile>
    <ClCompile Include="src\splpch.cpp" />
    <ClCompile Include="src\Spotlight\ImGui\Layer_ImGui.cpp" />
    <ClCompile Include="src\Platform\OpenGL\ImGuiOpenGLRenderer.cpp" />
  </ItemGroup>
</Project>